
Microsoft Visual Studio Solution File, Format Version 12.00
# Visual Studio Version 17
VisualStudioVersion = 17.5.33516.290
MinimumVisualStudioVersion = 10.0.40219.1
Project("{9A19103F-16F7-4668-BE54-9A1E7A4F7556}") = "TO-DO-List", "TO-DO-List\TO-DO-List.csproj", "{DEE52AA5-F2A4-4EAF-AE1A-6BDDD65933DD}"
EndProject
Project("{9A19103F-16F7-4668-BE54-9A1E7A4F7556}") = "DataAccess", "DataAccess\DataAccess.csproj", "{F1059BF8-693A-4E94-8CCB-43C03B77B04D}"
EndProject
Project("{9A19103F-16F7-4668-BE54-9A1E7A4F7556}") = "DataStructure", "DataStructure\DataStructure.csproj", "{F245C29F-7D34-47E0-84F2-BC56EF112437}"
EndProject
Global
	GlobalSection(SolutionConfigurationPlatforms) = preSolution
		Debug|Any CPU = Debug|Any CPU
		Release|Any CPU = Release|Any CPU
	EndGlobalSection
	GlobalSection(ProjectConfigurationPlatforms) = postSolution
		{DEE52AA5-F2A4-4EAF-AE1A-6BDDD65933DD}.Debug|Any CPU.ActiveCfg = Debug|Any CPU
		{DEE52AA5-F2A4-4EAF-AE1A-6BDDD65933DD}.Debug|Any CPU.Build.0 = Debug|Any CPU
		{DEE52AA5-F2A4-4EAF-AE1A-6BDDD65933DD}.Release|Any CPU.ActiveCfg = Release|Any CPU
		{DEE52AA5-F2A4-4EAF-AE1A-6BDDD65933DD}.Release|Any CPU.Build.0 = Release|Any CPU
		{F1059BF8-693A-4E94-8CCB-43C03B77B04D}.Debug|Any CPU.ActiveCfg = Debug|Any CPU
		{F1059BF8-693A-4E94-8CCB-43C03B77B04D}.Debug|Any CPU.Build.0 = Debug|Any CPU
		{F1059BF8-693A-4E94-8CCB-43C03B77B04D}.Release|Any CPU.ActiveCfg = Release|Any CPU
		{F1059BF8-693A-4E94-8CCB-43C03B77B04D}.Release|Any CPU.Build.0 = Release|Any CPU
		{F245C29F-7D34-47E0-84F2-BC56EF112437}.Debug|Any CPU.ActiveCfg = Debug|Any CPU
		{F245C29F-7D34-47E0-84F2-BC56EF112437}.Debug|Any CPU.Build.0 = Debug|Any CPU
		{F245C29F-7D34-47E0-84F2-BC56EF112437}.Release|Any CPU.ActiveCfg = Release|Any CPU
		{F245C29F-7D34-47E0-84F2-BC56EF112437}.Release|Any CPU.Build.0 = Release|Any CPU
	EndGlobalSection
	GlobalSection(SolutionProperties) = preSolution
		HideSolutionNode = FALSE
	EndGlobalSection
	GlobalSection(ExtensibilityGlobals) = postSolution
		SolutionGuid = {86AE060E-F2F4-4E70-91B4-765ED2662956}
	EndGlobalSection
EndGlobal
